
Microsoft Visual Studio Solution File, Format Version 12.00
# Visual Studio Version 17
VisualStudioVersion = 17.8.34525.116
MinimumVisualStudioVersion = 10.0.40219.1
Project("{9A19103F-16F7-4668-BE54-9A1E7A4F7556}") = "NewsAggregator.WebApi", "NewsAggregator.WebApi\NewsAggregator.WebApi.csproj", "{9BF74B0E-D347-4D82-A262-F5A88141F3B4}"
EndProject
Project("{9A19103F-16F7-4668-BE54-9A1E7A4F7556}") = "NewsAggregator.DataAccess", "NewsAggregator.DataAccess\NewsAggregator.DataAccess.csproj", "{23529B48-9268-4E72-BA43-18B050D06C3F}"
EndProject
Project("{9A19103F-16F7-4668-BE54-9A1E7A4F7556}") = "NewsAggregator.BusinessLogic", "NewsAggregator.BusinessLogic\NewsAggregator.BusinessLogic.csproj", "{9752BB06-34AB-40C4-AC4D-56B2F47557F8}"
EndProject
Project("{E53339B2-1760-4266-BCC7-CA923CBCF16C}") = "docker-compose", "docker-compose.dcproj", "{17DC91F9-961D-49B5-9333-C74C1C7434D9}"
EndProject
Global
	GlobalSection(SolutionConfigurationPlatforms) = preSolution
		Debug|Any CPU = Debug|Any CPU
		Release|Any CPU = Release|Any CPU
	EndGlobalSection
	GlobalSection(ProjectConfigurationPlatforms) = postSolution
		{9BF74B0E-D347-4D82-A262-F5A88141F3B4}.Debug|Any CPU.ActiveCfg = Debug|Any CPU
		{9BF74B0E-D347-4D82-A262-F5A88141F3B4}.Debug|Any CPU.Build.0 = Debug|Any CPU
		{9BF74B0E-D347-4D82-A262-F5A88141F3B4}.Release|Any CPU.ActiveCfg = Release|Any CPU
		{9BF74B0E-D347-4D82-A262-F5A88141F3B4}.Release|Any CPU.Build.0 = Release|Any CPU
		{23529B48-9268-4E72-BA43-18B050D06C3F}.Debug|Any CPU.ActiveCfg = Debug|Any CPU
		{23529B48-9268-4E72-BA43-18B050D06C3F}.Debug|Any CPU.Build.0 = Debug|Any CPU
		{23529B48-9268-4E72-BA43-18B050D06C3F}.Release|Any CPU.ActiveCfg = Release|Any CPU
		{23529B48-9268-4E72-BA43-18B050D06C3F}.Release|Any CPU.Build.0 = Release|Any CPU
		{9752BB06-34AB-40C4-AC4D-56B2F47557F8}.Debug|Any CPU.ActiveCfg = Debug|Any CPU
		{9752BB06-34AB-40C4-AC4D-56B2F47557F8}.Debug|Any CPU.Build.0 = Debug|Any CPU
		{9752BB06-34AB-40C4-AC4D-56B2F47557F8}.Release|Any CPU.ActiveCfg = Release|Any CPU
		{9752BB06-34AB-40C4-AC4D-56B2F47557F8}.Release|Any CPU.Build.0 = Release|Any CPU
		{17DC91F9-961D-49B5-9333-C74C1C7434D9}.Debug|Any CPU.ActiveCfg = Debug|Any CPU
		{17DC91F9-961D-49B5-9333-C74C1C7434D9}.Debug|Any CPU.Build.0 = Debug|Any CPU
		{17DC91F9-961D-49B5-9333-C74C1C7434D9}.Release|Any CPU.ActiveCfg = Release|Any CPU
		{17DC91F9-961D-49B5-9333-C74C1C7434D9}.Release|Any CPU.Build.0 = Release|Any CPU
	EndGlobalSection
	GlobalSection(SolutionProperties) = preSolution
		HideSolutionNode = FALSE
	EndGlobalSection
	GlobalSection(ExtensibilityGlobals) = postSolution
		SolutionGuid = {17B5EFF4-7069-4E64-96BC-0BE083F210F8}
	EndGlobalSection
EndGlobal
